
Microsoft Visual Studio Solution File, Format Version 12.00
# Visual Studio 2012
Project("{FAE04EC0-301F-11D3-BF4B-00C04F79EFBC}") = "BloodSpider.Communication", "BloodSpider.Communication\BloodSpider.Communication.csproj", "{64D9EB22-887A-433F-8BAD-5E9CC7647EBB}"
EndProject
Project("{FAE04EC0-301F-11D3-BF4B-00C04F79EFBC}") = "BloodSpider.Services.Windows", "BloodSpider.Services.Windows\BloodSpider.Services.Windows.csproj", "{465556FC-6204-4E6C-8526-B4039E9F475B}"
EndProject
Project("{FAE04EC0-301F-11D3-BF4B-00C04F79EFBC}") = "BloodSpider.Services.Windows.NotifyIcon", "BloodSpider.Services.Windows.NotifyIcon\BloodSpider.Services.Windows.NotifyIcon.csproj", "{F2CE2DBE-3187-4892-BFA7-BDD29E91AF22}"
EndProject
Project("{FAE04EC0-301F-11D3-BF4B-00C04F79EFBC}") = "BloodSpider.Services.Common", "BloodSpider.Services.Common\BloodSpider.Services.Common.csproj", "{28FA9879-6D10-4104-92D3-11C9C55E7053}"
EndProject
Project("{FAE04EC0-301F-11D3-BF4B-00C04F79EFBC}") = "BloodSpider.Services.Web", "BloodSpider.Services.Web\BloodSpider.Services.Web.csproj", "{7BF5CE92-F99A-44CF-9C82-9B82A12E7217}"
EndProject
Project("{FAE04EC0-301F-11D3-BF4B-00C04F79EFBC}") = "BloodSpider.Website", "BloodSpider.Website\BloodSpider.Website.csproj", "{57A607CE-C076-4590-980F-FF16F8A20FF4}"
	ProjectSection(ProjectDependencies) = postProject
		{7BF5CE92-F99A-44CF-9C82-9B82A12E7217} = {7BF5CE92-F99A-44CF-9C82-9B82A12E7217}
	EndProjectSection
EndProject
Project("{FAE04EC0-301F-11D3-BF4B-00C04F79EFBC}") = "BloodSpider.Chrome.Extension", "BloodSpider.Chrome.Extension\BloodSpider.Chrome.Extension.csproj", "{F9DA1383-6266-4D05-A96F-7AAD485F7C65}"
EndProject
Project("{FAE04EC0-301F-11D3-BF4B-00C04F79EFBC}") = "UsbLibrary", "UsbLibrary\UsbLibrary.csproj", "{71E42A6D-C432-4C03-BF4F-ABFD2A3173E0}"
EndProject
Project("{930C7802-8A8C-48F9-8165-68863BCCD9DD}") = "BloodSpider.Install", "BloodSpider.Install\BloodSpider.Install.wixproj", "{18332F75-349E-453D-BC94-005AFDD773EE}"
EndProject
Project("{2150E333-8FDC-42A3-9474-1A3956D46DE8}") = "Solution Items", "Solution Items", "{F1D524FA-BAA9-4778-B1D6-C7BE2422C220}"
	ProjectSection(SolutionItems) = preProject
		BloodSpider.pfx = BloodSpider.pfx
		BloodSpider.Build\build-WindowsService.bat = BloodSpider.Build\build-WindowsService.bat
	EndProjectSection
EndProject
Project("{2150E333-8FDC-42A3-9474-1A3956D46DE8}") = "BuildTools", "BuildTools", "{24F376C0-F64C-42E7-94A0-549800A598DC}"
	ProjectSection(SolutionItems) = preProject
		BloodSpider.Build\BuildTools\BuildLog.txt = BloodSpider.Build\BuildTools\BuildLog.txt
		BloodSpider.Build\BuildTools\BloodSpider_WindowsService_Nullsoft.nsi = BloodSpider.Build\BuildTools\BloodSpider_WindowsService_Nullsoft.nsi
		BloodSpider.Build\BuildTools\UI.nsh = BloodSpider.Build\BuildTools\UI.nsh
		BloodSpider.Build\BuildTools\Variables.nsh = BloodSpider.Build\BuildTools\Variables.nsh
	EndProjectSection
EndProject
Project("{2150E333-8FDC-42A3-9474-1A3956D46DE8}") = "Plugins", "Plugins", "{56ED6513-F50B-43A8-82FA-3AC7C88F592F}"
	ProjectSection(SolutionItems) = preProject
		BloodSpider.Build\BuildTools\Plugins\DotNetVer.nsh = BloodSpider.Build\BuildTools\Plugins\DotNetVer.nsh
		BloodSpider.Build\BuildTools\Plugins\Inetc_3.zip = BloodSpider.Build\BuildTools\Plugins\Inetc_3.zip
		BloodSpider.Build\BuildTools\Plugins\nsProcess.nsh = BloodSpider.Build\BuildTools\Plugins\nsProcess.nsh
		BloodSpider.Build\BuildTools\Plugins\NsProcess.zip = BloodSpider.Build\BuildTools\Plugins\NsProcess.zip
	EndProjectSection
EndProject
Project("{2150E333-8FDC-42A3-9474-1A3956D46DE8}") = "Resources", "Resources", "{729C20AF-4002-456E-8462-4E945C735AB7}"
	ProjectSection(SolutionItems) = preProject
		BloodSpider.Build\Resources\EULA.rtf = BloodSpider.Build\Resources\EULA.rtf
		BloodSpider.Build\Resources\EULA.txt = BloodSpider.Build\Resources\EULA.txt
		BloodSpider.Communication\BloodSpider.pfx = BloodSpider.Communication\BloodSpider.pfx
		BloodSpider.Build\Resources\icon.ico = BloodSpider.Build\Resources\icon.ico
		BloodSpider.Build\Resources\NSIS_installheader.bmp = BloodSpider.Build\Resources\NSIS_installheader.bmp
		BloodSpider.Build\Resources\NSIS_WelcomeImage.bmp = BloodSpider.Build\Resources\NSIS_WelcomeImage.bmp
	EndProjectSection
EndProject
Global
	GlobalSection(SolutionConfigurationPlatforms) = preSolution
		Debug|Any CPU = Debug|Any CPU
		Debug|Mixed Platforms = Debug|Mixed Platforms
		Debug|x86 = Debug|x86
		Release|Any CPU = Release|Any CPU
		Release|Mixed Platforms = Release|Mixed Platforms
		Release|x86 = Release|x86
	EndGlobalSection
	GlobalSection(ProjectConfigurationPlatforms) = postSolution
		{64D9EB22-887A-433F-8BAD-5E9CC7647EBB}.Debug|Any CPU.ActiveCfg = Debug|Any CPU
		{64D9EB22-887A-433F-8BAD-5E9CC7647EBB}.Debug|Any CPU.Build.0 = Debug|Any CPU
		{64D9EB22-887A-433F-8BAD-5E9CC7647EBB}.Debug|Mixed Platforms.ActiveCfg = Debug|Any CPU
		{64D9EB22-887A-433F-8BAD-5E9CC7647EBB}.Debug|Mixed Platforms.Build.0 = Debug|Any CPU
		{64D9EB22-887A-433F-8BAD-5E9CC7647EBB}.Debug|x86.ActiveCfg = Debug|Any CPU
		{64D9EB22-887A-433F-8BAD-5E9CC7647EBB}.Release|Any CPU.ActiveCfg = Release|Any CPU
		{64D9EB22-887A-433F-8BAD-5E9CC7647EBB}.Release|Any CPU.Build.0 = Release|Any CPU
		{64D9EB22-887A-433F-8BAD-5E9CC7647EBB}.Release|Mixed Platforms.ActiveCfg = Release|Any CPU
		{64D9EB22-887A-433F-8BAD-5E9CC7647EBB}.Release|Mixed Platforms.Build.0 = Release|Any CPU
		{64D9EB22-887A-433F-8BAD-5E9CC7647EBB}.Release|x86.ActiveCfg = Release|Any CPU
		{465556FC-6204-4E6C-8526-B4039E9F475B}.Debug|Any CPU.ActiveCfg = Debug|Any CPU
		{465556FC-6204-4E6C-8526-B4039E9F475B}.Debug|Any CPU.Build.0 = Debug|Any CPU
		{465556FC-6204-4E6C-8526-B4039E9F475B}.Debug|Mixed Platforms.ActiveCfg = Debug|Any CPU
		{465556FC-6204-4E6C-8526-B4039E9F475B}.Debug|Mixed Platforms.Build.0 = Debug|Any CPU
		{465556FC-6204-4E6C-8526-B4039E9F475B}.Debug|x86.ActiveCfg = Debug|Any CPU
		{465556FC-6204-4E6C-8526-B4039E9F475B}.Release|Any CPU.ActiveCfg = Release|Any CPU
		{465556FC-6204-4E6C-8526-B4039E9F475B}.Release|Any CPU.Build.0 = Release|Any CPU
		{465556FC-6204-4E6C-8526-B4039E9F475B}.Release|Mixed Platforms.ActiveCfg = Release|Any CPU
		{465556FC-6204-4E6C-8526-B4039E9F475B}.Release|Mixed Platforms.Build.0 = Release|Any CPU
		{465556FC-6204-4E6C-8526-B4039E9F475B}.Release|x86.ActiveCfg = Release|Any CPU
		{F2CE2DBE-3187-4892-BFA7-BDD29E91AF22}.Debug|Any CPU.ActiveCfg = Debug|Any CPU
		{F2CE2DBE-3187-4892-BFA7-BDD29E91AF22}.Debug|Any CPU.Build.0 = Debug|Any CPU
		{F2CE2DBE-3187-4892-BFA7-BDD29E91AF22}.Debug|Mixed Platforms.ActiveCfg = Debug|Any CPU
		{F2CE2DBE-3187-4892-BFA7-BDD29E91AF22}.Debug|Mixed Platforms.Build.0 = Debug|Any CPU
		{F2CE2DBE-3187-4892-BFA7-BDD29E91AF22}.Debug|x86.ActiveCfg = Debug|Any CPU
		{F2CE2DBE-3187-4892-BFA7-BDD29E91AF22}.Release|Any CPU.ActiveCfg = Release|Any CPU
		{F2CE2DBE-3187-4892-BFA7-BDD29E91AF22}.Release|Any CPU.Build.0 = Release|Any CPU
		{F2CE2DBE-3187-4892-BFA7-BDD29E91AF22}.Release|Mixed Platforms.ActiveCfg = Release|Any CPU
		{F2CE2DBE-3187-4892-BFA7-BDD29E91AF22}.Release|Mixed Platforms.Build.0 = Release|Any CPU
		{F2CE2DBE-3187-4892-BFA7-BDD29E91AF22}.Release|x86.ActiveCfg = Release|Any CPU
		{28FA9879-6D10-4104-92D3-11C9C55E7053}.Debug|Any CPU.ActiveCfg = Debug|Any CPU
		{28FA9879-6D10-4104-92D3-11C9C55E7053}.Debug|Any CPU.Build.0 = Debug|Any CPU
		{28FA9879-6D10-4104-92D3-11C9C55E7053}.Debug|Mixed Platforms.ActiveCfg = Debug|Any CPU
		{28FA9879-6D10-4104-92D3-11C9C55E7053}.Debug|Mixed Platforms.Build.0 = Debug|Any CPU
		{28FA9879-6D10-4104-92D3-11C9C55E7053}.Debug|x86.ActiveCfg = Debug|Any CPU
		{28FA9879-6D10-4104-92D3-11C9C55E7053}.Release|Any CPU.ActiveCfg = Release|Any CPU
		{28FA9879-6D10-4104-92D3-11C9C55E7053}.Release|Any CPU.Build.0 = Release|Any CPU
		{28FA9879-6D10-4104-92D3-11C9C55E7053}.Release|Mixed Platforms.ActiveCfg = Release|Any CPU
		{28FA9879-6D10-4104-92D3-11C9C55E7053}.Release|Mixed Platforms.Build.0 = Release|Any CPU
		{28FA9879-6D10-4104-92D3-11C9C55E7053}.Release|x86.ActiveCfg = Release|Any CPU
		{7BF5CE92-F99A-44CF-9C82-9B82A12E7217}.Debug|Any CPU.ActiveCfg = Debug|Any CPU
		{7BF5CE92-F99A-44CF-9C82-9B82A12E7217}.Debug|Any CPU.Build.0 = Debug|Any CPU
		{7BF5CE92-F99A-44CF-9C82-9B82A12E7217}.Debug|Mixed Platforms.ActiveCfg = Debug|Any CPU
		{7BF5CE92-F99A-44CF-9C82-9B82A12E7217}.Debug|Mixed Platforms.Build.0 = Debug|Any CPU
		{7BF5CE92-F99A-44CF-9C82-9B82A12E7217}.Debug|x86.ActiveCfg = Debug|Any CPU
		{7BF5CE92-F99A-44CF-9C82-9B82A12E7217}.Release|Any CPU.ActiveCfg = Release|Any CPU
		{7BF5CE92-F99A-44CF-9C82-9B82A12E7217}.Release|Any CPU.Build.0 = Release|Any CPU
		{7BF5CE92-F99A-44CF-9C82-9B82A12E7217}.Release|Mixed Platforms.ActiveCfg = Release|Any CPU
		{7BF5CE92-F99A-44CF-9C82-9B82A12E7217}.Release|Mixed Platforms.Build.0 = Release|Any CPU
		{7BF5CE92-F99A-44CF-9C82-9B82A12E7217}.Release|x86.ActiveCfg = Release|Any CPU
		{57A607CE-C076-4590-980F-FF16F8A20FF4}.Debug|Any CPU.ActiveCfg = Debug|Any CPU
		{57A607CE-C076-4590-980F-FF16F8A20FF4}.Debug|Any CPU.Build.0 = Debug|Any CPU
		{57A607CE-C076-4590-980F-FF16F8A20FF4}.Debug|Mixed Platforms.ActiveCfg = Debug|Any CPU
		{57A607CE-C076-4590-980F-FF16F8A20FF4}.Debug|Mixed Platforms.Build.0 = Debug|Any CPU
		{57A607CE-C076-4590-980F-FF16F8A20FF4}.Debug|x86.ActiveCfg = Debug|Any CPU
		{57A607CE-C076-4590-980F-FF16F8A20FF4}.Release|Any CPU.ActiveCfg = Release|Any CPU
		{57A607CE-C076-4590-980F-FF16F8A20FF4}.Release|Any CPU.Build.0 = Release|Any CPU
		{57A607CE-C076-4590-980F-FF16F8A20FF4}.Release|Mixed Platforms.ActiveCfg = Release|Any CPU
		{57A607CE-C076-4590-980F-FF16F8A20FF4}.Release|Mixed Platforms.Build.0 = Release|Any CPU
		{57A607CE-C076-4590-980F-FF16F8A20FF4}.Release|x86.ActiveCfg = Release|Any CPU
		{F9DA1383-6266-4D05-A96F-7AAD485F7C65}.Debug|Any CPU.ActiveCfg = Debug|Any CPU
		{F9DA1383-6266-4D05-A96F-7AAD485F7C65}.Debug|Any CPU.Build.0 = Debug|Any CPU
		{F9DA1383-6266-4D05-A96F-7AAD485F7C65}.Debug|Mixed Platforms.ActiveCfg = Debug|Any CPU
		{F9DA1383-6266-4D05-A96F-7AAD485F7C65}.Debug|x86.ActiveCfg = Debug|Any CPU
		{F9DA1383-6266-4D05-A96F-7AAD485F7C65}.Release|Any CPU.ActiveCfg = Release|Any CPU
		{F9DA1383-6266-4D05-A96F-7AAD485F7C65}.Release|Any CPU.Build.0 = Release|Any CPU
		{F9DA1383-6266-4D05-A96F-7AAD485F7C65}.Release|Mixed Platforms.ActiveCfg = Release|Any CPU
		{F9DA1383-6266-4D05-A96F-7AAD485F7C65}.Release|Mixed Platforms.Build.0 = Release|Any CPU
		{F9DA1383-6266-4D05-A96F-7AAD485F7C65}.Release|x86.ActiveCfg = Release|Any CPU
		{71E42A6D-C432-4C03-BF4F-ABFD2A3173E0}.Debug|Any CPU.ActiveCfg = Debug|Any CPU
		{71E42A6D-C432-4C03-BF4F-ABFD2A3173E0}.Debug|Any CPU.Build.0 = Debug|Any CPU
		{71E42A6D-C432-4C03-BF4F-ABFD2A3173E0}.Debug|Mixed Platforms.ActiveCfg = Debug|Any CPU
		{71E42A6D-C432-4C03-BF4F-ABFD2A3173E0}.Debug|Mixed Platforms.Build.0 = Debug|Any CPU
		{71E42A6D-C432-4C03-BF4F-ABFD2A3173E0}.Debug|x86.ActiveCfg = Debug|Any CPU
		{71E42A6D-C432-4C03-BF4F-ABFD2A3173E0}.Release|Any CPU.ActiveCfg = Release|Any CPU
		{71E42A6D-C432-4C03-BF4F-ABFD2A3173E0}.Release|Any CPU.Build.0 = Release|Any CPU
		{71E42A6D-C432-4C03-BF4F-ABFD2A3173E0}.Release|Mixed Platforms.ActiveCfg = Release|Any CPU
		{71E42A6D-C432-4C03-BF4F-ABFD2A3173E0}.Release|Mixed Platforms.Build.0 = Release|Any CPU
		{71E42A6D-C432-4C03-BF4F-ABFD2A3173E0}.Release|x86.ActiveCfg = Release|Any CPU
		{18332F75-349E-453D-BC94-005AFDD773EE}.Debug|Any CPU.ActiveCfg = Debug|x86
		{18332F75-349E-453D-BC94-005AFDD773EE}.Debug|Mixed Platforms.ActiveCfg = Debug|x86
		{18332F75-349E-453D-BC94-005AFDD773EE}.Debug|x86.ActiveCfg = Debug|x86
		{18332F75-349E-453D-BC94-005AFDD773EE}.Debug|x86.Build.0 = Debug|x86
		{18332F75-349E-453D-BC94-005AFDD773EE}.Release|Any CPU.ActiveCfg = Release|x86
		{18332F75-349E-453D-BC94-005AFDD773EE}.Release|Mixed Platforms.ActiveCfg = Release|x86
		{18332F75-349E-453D-BC94-005AFDD773EE}.Release|Mixed Platforms.Build.0 = Release|x86
		{18332F75-349E-453D-BC94-005AFDD773EE}.Release|x86.ActiveCfg = Release|x86
		{18332F75-349E-453D-BC94-005AFDD773EE}.Release|x86.Build.0 = Release|x86
	EndGlobalSection
	GlobalSection(SolutionProperties) = preSolution
		HideSolutionNode = FALSE
	EndGlobalSection
	GlobalSection(NestedProjects) = preSolution
		{24F376C0-F64C-42E7-94A0-549800A598DC} = {F1D524FA-BAA9-4778-B1D6-C7BE2422C220}
		{729C20AF-4002-456E-8462-4E945C735AB7} = {F1D524FA-BAA9-4778-B1D6-C7BE2422C220}
		{56ED6513-F50B-43A8-82FA-3AC7C88F592F} = {24F376C0-F64C-42E7-94A0-549800A598DC}
	EndGlobalSection
EndGlobal
